
Microsoft Visual Studio Solution File, Format Version 12.00
# Visual Studio Version 16
VisualStudioVersion = 16.0.29728.190
MinimumVisualStudioVersion = 10.0.40219.1
Project("{FAE04EC0-301F-11D3-BF4B-00C04F79EFBC}") = "TowerDefense Projektas", "TowerDefense Projektas\TowerDefense Projektas.csproj", "{79287CA2-0202-4734-817E-5B57FE468F1D}"
EndProject
Global
	GlobalSection(SolutionConfigurationPlatforms) = preSolution
		Debug|Any CPU = Debug|Any CPU
		Release|Any CPU = Release|Any CPU
	EndGlobalSection
	GlobalSection(ProjectConfigurationPlatforms) = postSolution
		{79287CA2-0202-4734-817E-5B57FE468F1D}.Debug|Any CPU.ActiveCfg = Debug|Any CPU
		{79287CA2-0202-4734-817E-5B57FE468F1D}.Debug|Any CPU.Build.0 = Debug|Any CPU
		{79287CA2-0202-4734-817E-5B57FE468F1D}.Release|Any CPU.ActiveCfg = Release|Any CPU
		{79287CA2-0202-4734-817E-5B57FE468F1D}.Release|Any CPU.Build.0 = Release|Any CPU
	EndGlobalSection
	GlobalSection(SolutionProperties) = preSolution
		HideSolutionNode = FALSE
	EndGlobalSection
	GlobalSection(ExtensibilityGlobals) = postSolution
		SolutionGuid = {26FFD610-3B94-4426-919C-860F306DB244}
	EndGlobalSection
EndGlobal
